
Microsoft Visual Studio Solution File, Format Version 12.00
# Visual Studio 15
VisualStudioVersion = 15.0.28307.489
MinimumVisualStudioVersion = 10.0.40219.1
Project("{FAE04EC0-301F-11D3-BF4B-00C04F79EFBC}") = "Invisiblehand", "Invisiblehand\Invisiblehand.csproj", "{81989B5C-39A1-4E19-B4BD-3C294A32750A}"
EndProject
Global
	GlobalSection(SolutionConfigurationPlatforms) = preSolution
		Debug|Any CPU = Debug|Any CPU
		Release|Any CPU = Release|Any CPU
	EndGlobalSection
	GlobalSection(ProjectConfigurationPlatforms) = postSolution
		{81989B5C-39A1-4E19-B4BD-3C294A32750A}.Debug|Any CPU.ActiveCfg = Debug|Any CPU
		{81989B5C-39A1-4E19-B4BD-3C294A32750A}.Debug|Any CPU.Build.0 = Debug|Any CPU
		{81989B5C-39A1-4E19-B4BD-3C294A32750A}.Release|Any CPU.ActiveCfg = Release|Any CPU
		{81989B5C-39A1-4E19-B4BD-3C294A32750A}.Release|Any CPU.Build.0 = Release|Any CPU
	EndGlobalSection
	GlobalSection(SolutionProperties) = preSolution
		HideSolutionNode = FALSE
	EndGlobalSection
	GlobalSection(ExtensibilityGlobals) = postSolution
		SolutionGuid = {7613ACB3-0C77-4BD6-9429-01D379CA49C6}
	EndGlobalSection
EndGlobal
